
Microsoft Visual Studio Solution File, Format Version 12.00
# Visual Studio 15
VisualStudioVersion = 15.0.28307.271
MinimumVisualStudioVersion = 10.0.40219.1
Project("{FAE04EC0-301F-11D3-BF4B-00C04F79EFBC}") = "StatisticOnline.Data", "StatisticOnline.Data\StatisticOnline.Data.csproj", "{7FEE93CA-5DEE-44A1-BC4A-2B9D2DFF19AA}"
EndProject
Project("{FAE04EC0-301F-11D3-BF4B-00C04F79EFBC}") = "StatisticOnline.Logic", "StatisticOnline.Logic\StatisticOnline.Logic.csproj", "{7212A854-607E-47E7-885A-C64D975CFC4D}"
EndProject
Project("{FAE04EC0-301F-11D3-BF4B-00C04F79EFBC}") = "StatisticOnline.Web", "StatisticOnline.Web\StatisticOnline.Web.csproj", "{432BC725-B35A-4BBC-8125-C3D6E0672FFD}"
EndProject
Global
	GlobalSection(SolutionConfigurationPlatforms) = preSolution
		Debug|Any CPU = Debug|Any CPU
		Release|Any CPU = Release|Any CPU
	EndGlobalSection
	GlobalSection(ProjectConfigurationPlatforms) = postSolution
		{7FEE93CA-5DEE-44A1-BC4A-2B9D2DFF19AA}.Debug|Any CPU.ActiveCfg = Debug|Any CPU
		{7FEE93CA-5DEE-44A1-BC4A-2B9D2DFF19AA}.Debug|Any CPU.Build.0 = Debug|Any CPU
		{7FEE93CA-5DEE-44A1-BC4A-2B9D2DFF19AA}.Release|Any CPU.ActiveCfg = Release|Any CPU
		{7FEE93CA-5DEE-44A1-BC4A-2B9D2DFF19AA}.Release|Any CPU.Build.0 = Release|Any CPU
		{7212A854-607E-47E7-885A-C64D975CFC4D}.Debug|Any CPU.ActiveCfg = Debug|Any CPU
		{7212A854-607E-47E7-885A-C64D975CFC4D}.Debug|Any CPU.Build.0 = Debug|Any CPU
		{7212A854-607E-47E7-885A-C64D975CFC4D}.Release|Any CPU.ActiveCfg = Release|Any CPU
		{7212A854-607E-47E7-885A-C64D975CFC4D}.Release|Any CPU.Build.0 = Release|Any CPU
		{432BC725-B35A-4BBC-8125-C3D6E0672FFD}.Debug|Any CPU.ActiveCfg = Debug|Any CPU
		{432BC725-B35A-4BBC-8125-C3D6E0672FFD}.Debug|Any CPU.Build.0 = Debug|Any CPU
		{432BC725-B35A-4BBC-8125-C3D6E0672FFD}.Release|Any CPU.ActiveCfg = Release|Any CPU
		{432BC725-B35A-4BBC-8125-C3D6E0672FFD}.Release|Any CPU.Build.0 = Release|Any CPU
	EndGlobalSection
	GlobalSection(SolutionProperties) = preSolution
		HideSolutionNode = FALSE
	EndGlobalSection
	GlobalSection(ExtensibilityGlobals) = postSolution
		SolutionGuid = {200101D0-3E68-473F-8E71-933B67008095}
	EndGlobalSection
EndGlobal
