
Microsoft Visual Studio Solution File, Format Version 12.00
# Visual Studio 15
VisualStudioVersion = 15.0.28307.271
MinimumVisualStudioVersion = 10.0.40219.1
Project("{FAE04EC0-301F-11D3-BF4B-00C04F79EFBC}") = "Chat.Web", "Chat.Web\Chat.Web.csproj", "{2F6555E9-8A00-4CE5-BEC9-B4C9839892FB}"
EndProject
Global
	GlobalSection(SolutionConfigurationPlatforms) = preSolution
		Debug|Any CPU = Debug|Any CPU
		Release|Any CPU = Release|Any CPU
	EndGlobalSection
	GlobalSection(ProjectConfigurationPlatforms) = postSolution
		{2F6555E9-8A00-4CE5-BEC9-B4C9839892FB}.Debug|Any CPU.ActiveCfg = Debug|Any CPU
		{2F6555E9-8A00-4CE5-BEC9-B4C9839892FB}.Debug|Any CPU.Build.0 = Debug|Any CPU
		{2F6555E9-8A00-4CE5-BEC9-B4C9839892FB}.Release|Any CPU.ActiveCfg = Release|Any CPU
		{2F6555E9-8A00-4CE5-BEC9-B4C9839892FB}.Release|Any CPU.Build.0 = Release|Any CPU
	EndGlobalSection
	GlobalSection(SolutionProperties) = preSolution
		HideSolutionNode = FALSE
	EndGlobalSection
	GlobalSection(ExtensibilityGlobals) = postSolution
		SolutionGuid = {1F71CB19-B7FE-4ADC-990B-75D4FCFBCCCB}
	EndGlobalSection
EndGlobal
